
Microsoft Visual Studio Solution File, Format Version 12.00
# Visual Studio Version 17
VisualStudioVersion = 17.14.36109.1
MinimumVisualStudioVersion = 10.0.40219.1
Project("{FAE04EC0-301F-11D3-BF4B-00C04F79EFBC}") = "Cadastrar.Worker.Application", "Cadastrar.Worker.Application\Cadastrar.Worker.Application.csproj", "{144290E8-DFD3-72FC-58BB-86860562C275}"
EndProject
Project("{FAE04EC0-301F-11D3-BF4B-00C04F79EFBC}") = "Cadastrar.Worker.Domain", "Cadastrar.Worker.Domain\Cadastrar.Worker.Domain.csproj", "{94737183-D27D-E310-4121-18B459E6E2F3}"
EndProject
Project("{FAE04EC0-301F-11D3-BF4B-00C04F79EFBC}") = "Cadastrar.Worker.Infra", "Cadastrar.Worker.Infra\Cadastrar.Worker.Infra.csproj", "{EF40DCFA-9F20-C78E-0015-BB3FE26BB6EB}"
EndProject
Project("{FAE04EC0-301F-11D3-BF4B-00C04F79EFBC}") = "Cadastrar.Worker.Service", "Cadastrar.Worker.Service\Cadastrar.Worker.Service.csproj", "{A7BDCDC2-85FA-3D51-B914-5003E53D4E4B}"
EndProject
Global
	GlobalSection(SolutionConfigurationPlatforms) = preSolution
		Debug|Any CPU = Debug|Any CPU
		Release|Any CPU = Release|Any CPU
	EndGlobalSection
	GlobalSection(ProjectConfigurationPlatforms) = postSolution
		{144290E8-DFD3-72FC-58BB-86860562C275}.Debug|Any CPU.ActiveCfg = Debug|Any CPU
		{144290E8-DFD3-72FC-58BB-86860562C275}.Debug|Any CPU.Build.0 = Debug|Any CPU
		{144290E8-DFD3-72FC-58BB-86860562C275}.Release|Any CPU.ActiveCfg = Release|Any CPU
		{144290E8-DFD3-72FC-58BB-86860562C275}.Release|Any CPU.Build.0 = Release|Any CPU
		{94737183-D27D-E310-4121-18B459E6E2F3}.Debug|Any CPU.ActiveCfg = Debug|Any CPU
		{94737183-D27D-E310-4121-18B459E6E2F3}.Debug|Any CPU.Build.0 = Debug|Any CPU
		{94737183-D27D-E310-4121-18B459E6E2F3}.Release|Any CPU.ActiveCfg = Release|Any CPU
		{94737183-D27D-E310-4121-18B459E6E2F3}.Release|Any CPU.Build.0 = Release|Any CPU
		{EF40DCFA-9F20-C78E-0015-BB3FE26BB6EB}.Debug|Any CPU.ActiveCfg = Debug|Any CPU
		{EF40DCFA-9F20-C78E-0015-BB3FE26BB6EB}.Debug|Any CPU.Build.0 = Debug|Any CPU
		{EF40DCFA-9F20-C78E-0015-BB3FE26BB6EB}.Release|Any CPU.ActiveCfg = Release|Any CPU
		{EF40DCFA-9F20-C78E-0015-BB3FE26BB6EB}.Release|Any CPU.Build.0 = Release|Any CPU
		{A7BDCDC2-85FA-3D51-B914-5003E53D4E4B}.Debug|Any CPU.ActiveCfg = Debug|Any CPU
		{A7BDCDC2-85FA-3D51-B914-5003E53D4E4B}.Debug|Any CPU.Build.0 = Debug|Any CPU
		{A7BDCDC2-85FA-3D51-B914-5003E53D4E4B}.Release|Any CPU.ActiveCfg = Release|Any CPU
		{A7BDCDC2-85FA-3D51-B914-5003E53D4E4B}.Release|Any CPU.Build.0 = Release|Any CPU
	EndGlobalSection
	GlobalSection(SolutionProperties) = preSolution
		HideSolutionNode = FALSE
	EndGlobalSection
	GlobalSection(ExtensibilityGlobals) = postSolution
		SolutionGuid = {E109E03C-5938-45FF-A9D6-26CFC13A0F02}
	EndGlobalSection
EndGlobal
